
Microsoft Visual Studio Solution File, Format Version 12.00
# Visual Studio 15
VisualStudioVersion = 15.0.27703.2042
MinimumVisualStudioVersion = 10.0.40219.1
Project("{FAE04EC0-301F-11D3-BF4B-00C04F79EFBC}") = "ERMPower.CSVReader.TOUFileReader.UnitTests", "ERMPower.CSVReader.TOUFileReader.UnitTests\ERMPower.CSVReader.TOUFileReader.UnitTests.csproj", "{4A4B4D45-81FD-45D4-9C35-8C2A0625DE4C}"
EndProject
Global
	GlobalSection(SolutionConfigurationPlatforms) = preSolution
		Debug|Any CPU = Debug|Any CPU
		Release|Any CPU = Release|Any CPU
	EndGlobalSection
	GlobalSection(ProjectConfigurationPlatforms) = postSolution
		{4A4B4D45-81FD-45D4-9C35-8C2A0625DE4C}.Debug|Any CPU.ActiveCfg = Debug|Any CPU
		{4A4B4D45-81FD-45D4-9C35-8C2A0625DE4C}.Debug|Any CPU.Build.0 = Debug|Any CPU
		{4A4B4D45-81FD-45D4-9C35-8C2A0625DE4C}.Release|Any CPU.ActiveCfg = Release|Any CPU
		{4A4B4D45-81FD-45D4-9C35-8C2A0625DE4C}.Release|Any CPU.Build.0 = Release|Any CPU
	EndGlobalSection
	GlobalSection(SolutionProperties) = preSolution
		HideSolutionNode = FALSE
	EndGlobalSection
	GlobalSection(ExtensibilityGlobals) = postSolution
		SolutionGuid = {E73226ED-FDE4-42FD-8A9B-A258275BD8E1}
	EndGlobalSection
EndGlobal
